
Microsoft Visual Studio Solution File, Format Version 12.00
# Visual Studio Version 17
VisualStudioVersion = 17.2.32616.157
MinimumVisualStudioVersion = 10.0.40219.1
Project("{2150E333-8FDC-42A3-9474-1A3956D46DE8}") = "Core", "Core", "{146966D6-E48F-4F0D-AF13-0DAFFCA59CE4}"
EndProject
Project("{FAE04EC0-301F-11D3-BF4B-00C04F79EFBC}") = "MiniEticaret.Domain", "Core\MiniEticaret.Domain\MiniEticaret.Domain.csproj", "{23194F05-5222-4BE9-AD30-B697B8D02D3A}"
EndProject
Project("{FAE04EC0-301F-11D3-BF4B-00C04F79EFBC}") = "MiniEticaret.Application", "Core\MiniEticaret.Application\MiniEticaret.Application.csproj", "{F5983FAD-E20D-48C7-BD0F-9E6AB4F2E574}"
EndProject
Project("{2150E333-8FDC-42A3-9474-1A3956D46DE8}") = "Infrastructure", "Infrastructure", "{522BBEDD-E14F-40DC-A0B4-6E0E5CC7576A}"
EndProject
Project("{2150E333-8FDC-42A3-9474-1A3956D46DE8}") = "Presentation", "Presentation", "{F45F9C09-5E13-4F37-B272-2AD9CA1D0F41}"
EndProject
Project("{FAE04EC0-301F-11D3-BF4B-00C04F79EFBC}") = "MiniEticaret.API", "Presentation\MiniEticaret.API\MiniEticaret.API.csproj", "{82B8B4D9-A9A6-49B2-911C-8041FC9E07CE}"
EndProject
Project("{FAE04EC0-301F-11D3-BF4B-00C04F79EFBC}") = "MiniEticaret.Persistence", "Infrastructure\MiniEticaret.Persistence\MiniEticaret.Persistence.csproj", "{F1FF1C6A-8F61-49FA-AA98-C5462F39C84C}"
EndProject
Project("{FAE04EC0-301F-11D3-BF4B-00C04F79EFBC}") = "MiniEticaret.Infrastructure", "Infrastructure\MiniEticaret.Infrastructure\MiniEticaret.Infrastructure.csproj", "{6A74A677-4F53-48DF-8B5F-B67734550C5F}"
EndProject
Global
	GlobalSection(SolutionConfigurationPlatforms) = preSolution
		Debug|Any CPU = Debug|Any CPU
		Release|Any CPU = Release|Any CPU
	EndGlobalSection
	GlobalSection(ProjectConfigurationPlatforms) = postSolution
		{23194F05-5222-4BE9-AD30-B697B8D02D3A}.Debug|Any CPU.ActiveCfg = Debug|Any CPU
		{23194F05-5222-4BE9-AD30-B697B8D02D3A}.Debug|Any CPU.Build.0 = Debug|Any CPU
		{23194F05-5222-4BE9-AD30-B697B8D02D3A}.Release|Any CPU.ActiveCfg = Release|Any CPU
		{23194F05-5222-4BE9-AD30-B697B8D02D3A}.Release|Any CPU.Build.0 = Release|Any CPU
		{F5983FAD-E20D-48C7-BD0F-9E6AB4F2E574}.Debug|Any CPU.ActiveCfg = Debug|Any CPU
		{F5983FAD-E20D-48C7-BD0F-9E6AB4F2E574}.Debug|Any CPU.Build.0 = Debug|Any CPU
		{F5983FAD-E20D-48C7-BD0F-9E6AB4F2E574}.Release|Any CPU.ActiveCfg = Release|Any CPU
		{F5983FAD-E20D-48C7-BD0F-9E6AB4F2E574}.Release|Any CPU.Build.0 = Release|Any CPU
		{82B8B4D9-A9A6-49B2-911C-8041FC9E07CE}.Debug|Any CPU.ActiveCfg = Debug|Any CPU
		{82B8B4D9-A9A6-49B2-911C-8041FC9E07CE}.Debug|Any CPU.Build.0 = Debug|Any CPU
		{82B8B4D9-A9A6-49B2-911C-8041FC9E07CE}.Release|Any CPU.ActiveCfg = Release|Any CPU
		{82B8B4D9-A9A6-49B2-911C-8041FC9E07CE}.Release|Any CPU.Build.0 = Release|Any CPU
		{F1FF1C6A-8F61-49FA-AA98-C5462F39C84C}.Debug|Any CPU.ActiveCfg = Debug|Any CPU
		{F1FF1C6A-8F61-49FA-AA98-C5462F39C84C}.Debug|Any CPU.Build.0 = Debug|Any CPU
		{F1FF1C6A-8F61-49FA-AA98-C5462F39C84C}.Release|Any CPU.ActiveCfg = Release|Any CPU
		{F1FF1C6A-8F61-49FA-AA98-C5462F39C84C}.Release|Any CPU.Build.0 = Release|Any CPU
		{6A74A677-4F53-48DF-8B5F-B67734550C5F}.Debug|Any CPU.ActiveCfg = Debug|Any CPU
		{6A74A677-4F53-48DF-8B5F-B67734550C5F}.Debug|Any CPU.Build.0 = Debug|Any CPU
		{6A74A677-4F53-48DF-8B5F-B67734550C5F}.Release|Any CPU.ActiveCfg = Release|Any CPU
		{6A74A677-4F53-48DF-8B5F-B67734550C5F}.Release|Any CPU.Build.0 = Release|Any CPU
	EndGlobalSection
	GlobalSection(SolutionProperties) = preSolution
		HideSolutionNode = FALSE
	EndGlobalSection
	GlobalSection(NestedProjects) = preSolution
		{23194F05-5222-4BE9-AD30-B697B8D02D3A} = {146966D6-E48F-4F0D-AF13-0DAFFCA59CE4}
		{F5983FAD-E20D-48C7-BD0F-9E6AB4F2E574} = {146966D6-E48F-4F0D-AF13-0DAFFCA59CE4}
		{82B8B4D9-A9A6-49B2-911C-8041FC9E07CE} = {F45F9C09-5E13-4F37-B272-2AD9CA1D0F41}
		{F1FF1C6A-8F61-49FA-AA98-C5462F39C84C} = {522BBEDD-E14F-40DC-A0B4-6E0E5CC7576A}
		{6A74A677-4F53-48DF-8B5F-B67734550C5F} = {522BBEDD-E14F-40DC-A0B4-6E0E5CC7576A}
	EndGlobalSection
	GlobalSection(ExtensibilityGlobals) = postSolution
		SolutionGuid = {07D9C957-F478-44EF-A86B-8FCD5A18EED5}
	EndGlobalSection
EndGlobal
